dependencies:
- name: rode-ui
  repository: https://rode.github.io/charts
  version: 0.1.0
- name: grafeas-elasticsearch
  repository: https://rode.github.io/charts
  version: 0.1.0
- name: opa
  repository: ""
  version: 0.1.0-local
digest: sha256:a61b1f11171cdc68af1c4d254d22f70b278b36070645e26ce9581eb4b0c12d59
generated: "2021-03-02T15:14:07.516183-08:00"
